
Microsoft Visual Studio Solution File, Format Version 12.00
# Visual Studio Version 17
VisualStudioVersion = 17.9.34607.119
MinimumVisualStudioVersion = 10.0.40219.1
Project("{9A19103F-16F7-4668-BE54-9A1E7A4F7556}") = "Homework-Trips", "Homework-Trips\Homework-Trips.csproj", "{4CF3F2FD-5389-4CDB-877D-0306AC68D0F2}"
EndProject
Project("{9A19103F-16F7-4668-BE54-9A1E7A4F7556}") = "Trips.DAL", "Trips.DAL\Trips.DAL.csproj", "{12E0E777-8AAE-4154-8BB8-ACB1476E5385}"
EndProject
Project("{2150E333-8FDC-42A3-9474-1A3956D46DE8}") = "Solution Items", "Solution Items", "{62CA2E6E-19FD-441C-A739-B201FBD7F4B4}"
	ProjectSection(SolutionItems) = preProject
		docker-compose.yaml = docker-compose.yaml
	EndProjectSection
EndProject
Project("{9A19103F-16F7-4668-BE54-9A1E7A4F7556}") = "TripsTests", "TripsTests\TripsTests.csproj", "{B6085E12-C6B0-4294-AA44-38F22520182F}"
EndProject
Global
	GlobalSection(SolutionConfigurationPlatforms) = preSolution
		Debug|Any CPU = Debug|Any CPU
		Release|Any CPU = Release|Any CPU
	EndGlobalSection
	GlobalSection(ProjectConfigurationPlatforms) = postSolution
		{4CF3F2FD-5389-4CDB-877D-0306AC68D0F2}.Debug|Any CPU.ActiveCfg = Debug|Any CPU
		{4CF3F2FD-5389-4CDB-877D-0306AC68D0F2}.Debug|Any CPU.Build.0 = Debug|Any CPU
		{4CF3F2FD-5389-4CDB-877D-0306AC68D0F2}.Release|Any CPU.ActiveCfg = Release|Any CPU
		{4CF3F2FD-5389-4CDB-877D-0306AC68D0F2}.Release|Any CPU.Build.0 = Release|Any CPU
		{12E0E777-8AAE-4154-8BB8-ACB1476E5385}.Debug|Any CPU.ActiveCfg = Debug|Any CPU
		{12E0E777-8AAE-4154-8BB8-ACB1476E5385}.Debug|Any CPU.Build.0 = Debug|Any CPU
		{12E0E777-8AAE-4154-8BB8-ACB1476E5385}.Release|Any CPU.ActiveCfg = Release|Any CPU
		{12E0E777-8AAE-4154-8BB8-ACB1476E5385}.Release|Any CPU.Build.0 = Release|Any CPU
		{B6085E12-C6B0-4294-AA44-38F22520182F}.Debug|Any CPU.ActiveCfg = Debug|Any CPU
		{B6085E12-C6B0-4294-AA44-38F22520182F}.Debug|Any CPU.Build.0 = Debug|Any CPU
		{B6085E12-C6B0-4294-AA44-38F22520182F}.Release|Any CPU.ActiveCfg = Release|Any CPU
		{B6085E12-C6B0-4294-AA44-38F22520182F}.Release|Any CPU.Build.0 = Release|Any CPU
	EndGlobalSection
	GlobalSection(SolutionProperties) = preSolution
		HideSolutionNode = FALSE
	EndGlobalSection
	GlobalSection(ExtensibilityGlobals) = postSolution
		SolutionGuid = {BAEE632E-9ABA-486A-A2A7-E8C4DC13E2BA}
	EndGlobalSection
EndGlobal
